
Microsoft Visual Studio Solution File, Format Version 12.00
# Visual Studio 15
VisualStudioVersion = 15.0.28307.329
MinimumVisualStudioVersion = 10.0.40219.1
Project("{FAE04EC0-301F-11D3-BF4B-00C04F79EFBC}") = "ChocolateriaForms", "ChocolateriaForms\ChocolateriaForms.csproj", "{7797290F-DC91-417B-BD32-72F2B643B474}"
EndProject
Global
	GlobalSection(SolutionConfigurationPlatforms) = preSolution
		Debug|Any CPU = Debug|Any CPU
		Release|Any CPU = Release|Any CPU
	EndGlobalSection
	GlobalSection(ProjectConfigurationPlatforms) = postSolution
		{7797290F-DC91-417B-BD32-72F2B643B474}.Debug|Any CPU.ActiveCfg = Debug|Any CPU
		{7797290F-DC91-417B-BD32-72F2B643B474}.Debug|Any CPU.Build.0 = Debug|Any CPU
		{7797290F-DC91-417B-BD32-72F2B643B474}.Release|Any CPU.ActiveCfg = Release|Any CPU
		{7797290F-DC91-417B-BD32-72F2B643B474}.Release|Any CPU.Build.0 = Release|Any CPU
	EndGlobalSection
	GlobalSection(SolutionProperties) = preSolution
		HideSolutionNode = FALSE
	EndGlobalSection
	GlobalSection(ExtensibilityGlobals) = postSolution
		SolutionGuid = {952C6F84-0AB7-4EFF-A1F9-57A3C7DD1AB5}
	EndGlobalSection
EndGlobal
